
Microsoft Visual Studio Solution File, Format Version 12.00
# Visual Studio Version 16
VisualStudioVersion = 16.0.32802.440
MinimumVisualStudioVersion = 10.0.40219.1
Project("{9A19103F-16F7-4668-BE54-9A1E7A4F7556}") = "KampIntro", "KampIntro\KampIntro.csproj", "{B7A06945-C258-42B8-B2E7-DC10A1A7131E}"
EndProject
Project("{9A19103F-16F7-4668-BE54-9A1E7A4F7556}") = "Donguler", "Donguler\Donguler.csproj", "{636E8214-1E3A-4344-B6BE-BA55496E62F9}"
EndProject
Project("{9A19103F-16F7-4668-BE54-9A1E7A4F7556}") = "ClassIntro", "ClassIntro\ClassIntro.csproj", "{8885EA04-D939-46D3-BF02-90C18ABB1A8E}"
EndProject
Project("{9A19103F-16F7-4668-BE54-9A1E7A4F7556}") = "Metotlar", "Metotlar\Metotlar.csproj", "{13DCC4AA-1986-484A-AEC5-129690282296}"
EndProject
Project("{FAE04EC0-301F-11D3-BF4B-00C04F79EFBC}") = "Matematik", "Matematik\Matematik.csproj", "{1DFC172F-652C-495F-A674-FADADB12CC4C}"
EndProject
Project("{FAE04EC0-301F-11D3-BF4B-00C04F79EFBC}") = "DegerVeReferansTipler", "DegerVeReferansTipler\DegerVeReferansTipler.csproj", "{C6929025-3B8C-437E-9C42-86968F3129F2}"
EndProject
Global
	GlobalSection(SolutionConfigurationPlatforms) = preSolution
		Debug|Any CPU = Debug|Any CPU
		Release|Any CPU = Release|Any CPU
	EndGlobalSection
	GlobalSection(ProjectConfigurationPlatforms) = postSolution
		{B7A06945-C258-42B8-B2E7-DC10A1A7131E}.Debug|Any CPU.ActiveCfg = Debug|Any CPU
		{B7A06945-C258-42B8-B2E7-DC10A1A7131E}.Debug|Any CPU.Build.0 = Debug|Any CPU
		{B7A06945-C258-42B8-B2E7-DC10A1A7131E}.Release|Any CPU.ActiveCfg = Release|Any CPU
		{B7A06945-C258-42B8-B2E7-DC10A1A7131E}.Release|Any CPU.Build.0 = Release|Any CPU
		{636E8214-1E3A-4344-B6BE-BA55496E62F9}.Debug|Any CPU.ActiveCfg = Debug|Any CPU
		{636E8214-1E3A-4344-B6BE-BA55496E62F9}.Debug|Any CPU.Build.0 = Debug|Any CPU
		{636E8214-1E3A-4344-B6BE-BA55496E62F9}.Release|Any CPU.ActiveCfg = Release|Any CPU
		{636E8214-1E3A-4344-B6BE-BA55496E62F9}.Release|Any CPU.Build.0 = Release|Any CPU
		{8885EA04-D939-46D3-BF02-90C18ABB1A8E}.Debug|Any CPU.ActiveCfg = Debug|Any CPU
		{8885EA04-D939-46D3-BF02-90C18ABB1A8E}.Debug|Any CPU.Build.0 = Debug|Any CPU
		{8885EA04-D939-46D3-BF02-90C18ABB1A8E}.Release|Any CPU.ActiveCfg = Release|Any CPU
		{8885EA04-D939-46D3-BF02-90C18ABB1A8E}.Release|Any CPU.Build.0 = Release|Any CPU
		{13DCC4AA-1986-484A-AEC5-129690282296}.Debug|Any CPU.ActiveCfg = Debug|Any CPU
		{13DCC4AA-1986-484A-AEC5-129690282296}.Debug|Any CPU.Build.0 = Debug|Any CPU
		{13DCC4AA-1986-484A-AEC5-129690282296}.Release|Any CPU.ActiveCfg = Release|Any CPU
		{13DCC4AA-1986-484A-AEC5-129690282296}.Release|Any CPU.Build.0 = Release|Any CPU
		{1DFC172F-652C-495F-A674-FADADB12CC4C}.Debug|Any CPU.ActiveCfg = Debug|Any CPU
		{1DFC172F-652C-495F-A674-FADADB12CC4C}.Debug|Any CPU.Build.0 = Debug|Any CPU
		{1DFC172F-652C-495F-A674-FADADB12CC4C}.Release|Any CPU.ActiveCfg = Release|Any CPU
		{1DFC172F-652C-495F-A674-FADADB12CC4C}.Release|Any CPU.Build.0 = Release|Any CPU
		{C6929025-3B8C-437E-9C42-86968F3129F2}.Debug|Any CPU.ActiveCfg = Debug|Any CPU
		{C6929025-3B8C-437E-9C42-86968F3129F2}.Debug|Any CPU.Build.0 = Debug|Any CPU
		{C6929025-3B8C-437E-9C42-86968F3129F2}.Release|Any CPU.ActiveCfg = Release|Any CPU
		{C6929025-3B8C-437E-9C42-86968F3129F2}.Release|Any CPU.Build.0 = Release|Any CPU
	EndGlobalSection
	GlobalSection(SolutionProperties) = preSolution
		HideSolutionNode = FALSE
	EndGlobalSection
	GlobalSection(ExtensibilityGlobals) = postSolution
		SolutionGuid = {B63010EF-3EC1-432F-8920-7169224790EF}
	EndGlobalSection
EndGlobal
